# This file is autogenerated, do not edit; changes may be undone by the next 'dep ensure'.


[[projects]]
  name = "github.com/go-test/deep"
  packages = ["."]
  revision = "9898238679c264cfb10411539f14a0553dc8b295"
  version = "v1.0.0"

[solve-meta]
  analyzer-name = "dep"
  analyzer-version = 1
  inputs-digest = "d805124fa2a9cdfd23b9ca2d71f72119b0922cde89fd43b35c61d5333d461fba"
  solver-name = "gps-cdcl"
  solver-version = 1
